
Microsoft Visual Studio Solution File, Format Version 12.00
# Visual Studio Version 16
VisualStudioVersion = 16.0.31112.23
MinimumVisualStudioVersion = 10.0.40219.1
Project("{888888A0-9F3D-457C-B088-3A5042F75D52}") = "Percobaan1Python_Kel39", "Percobaan1Python_Kel39\Percobaan1Python_Kel39.pyproj", "{30D83149-D840-4E52-A5DC-8F2D3F09EFBE}"
EndProject
Global
	GlobalSection(SolutionConfigurationPlatforms) = preSolution
		Debug|Any CPU = Debug|Any CPU
		Release|Any CPU = Release|Any CPU
	EndGlobalSection
	GlobalSection(ProjectConfigurationPlatforms) = postSolution
		{30D83149-D840-4E52-A5DC-8F2D3F09EFBE}.Debug|Any CPU.ActiveCfg = Debug|Any CPU
		{30D83149-D840-4E52-A5DC-8F2D3F09EFBE}.Release|Any CPU.ActiveCfg = Release|Any CPU
	EndGlobalSection
	GlobalSection(SolutionProperties) = preSolution
		HideSolutionNode = FALSE
	EndGlobalSection
	GlobalSection(ExtensibilityGlobals) = postSolution
		SolutionGuid = {98F200E0-B2F2-4733-89D7-072968375355}
	EndGlobalSection
EndGlobal
